{
  "object": {
    "pins": [
      {
        "package": "SwiftSyntax",
        "repositoryURL": "https://github.com/roman-dzieciol/swift-syntax.git",
        "state": {
          "branch": "xcode11-beta6-master",
          "revision": "145c72036c3beaa5eaece1decd5cd4b64e12475f",
          "version": null
        }
      }
    ]
  },
  "version": 1
}
